// !$*UTF8*$!
{
	archiveVersion = 1;
	classes = {
	};
	objectVersion = 55;
	objects = {

/* Begin PBXBuildFile section */
		EAA08E9A275153F2001EFA95 /* SearchViewController.swift in Sources */ = {isa = PBXBuildFile; fileRef = EAA08E99275153F2001EFA95 /* SearchViewController.swift */; };
		EAA08E9D2751569C001EFA95 /* NetworkNameManager.swift in Sources */ = {isa = PBXBuildFile; fileRef = EAA08E9C2751569C001EFA95 /* NetworkNameManager.swift */; };
		EAA08EA02751590F001EFA95 /* AlertController.swift in Sources */ = {isa = PBXBuildFile; fileRef = EAA08E9F2751590F001EFA95 /* AlertController.swift */; };
		EAA08EA327515C4E001EFA95 /* CurrentNameData.swift in Sources */ = {isa = PBXBuildFile; fileRef = EAA08EA227515C4E001EFA95 /* CurrentNameData.swift */; };
		EAA08EA627515E70001EFA95 /* CurrentName.swift in Sources */ = {isa = PBXBuildFile; fileRef = EAA08EA527515E70001EFA95 /* CurrentName.swift */; };
		EACAB27D27510ADD0063C4FE /* AppDelegate.swift in Sources */ = {isa = PBXBuildFile; fileRef = EACAB27C27510ADD0063C4FE /* AppDelegate.swift */; };
		EACAB27F27510ADD0063C4FE /* SceneDelegate.swift in Sources */ = {isa = PBXBuildFile; fileRef = EACAB27E27510ADD0063C4FE /* SceneDelegate.swift */; };
		EACAB28427510ADD0063C4FE /* Main.storyboard in Resources */ = {isa = PBXBuildFile; fileRef = EACAB28227510ADD0063C4FE /* Main.storyboard */; };
		EACAB28627510ADE0063C4FE /* Assets.xcassets in Resources */ = {isa = PBXBuildFile; fileRef = EACAB28527510ADE0063C4FE /* Assets.xcassets */; };
		EACAB28927510ADE0063C4FE /* LaunchScreen.storyboard in Resources */ = {isa = PBXBuildFile; fileRef = EACAB28727510ADE0063C4FE /* LaunchScreen.storyboard */; };
/* End PBXBuildFile section */

/* Begin PBXFileReference section */
		EAA08E99275153F2001EFA95 /* SearchViewController.swift */ = {isa = PBXFileReference; lastKnownFileType = sourcecode.swift; path = SearchViewController.swift; sourceTree = "<group>"; };
		EAA08E9C2751569C001EFA95 /* NetworkNameManager.swift */ = {isa = PBXFileReference; lastKnownFileType = sourcecode.swift; path = NetworkNameManager.swift; sourceTree = "<group>"; };
		EAA08E9F2751590F001EFA95 /* AlertController.swift */ = {isa = PBXFileReference; lastKnownFileType = sourcecode.swift; path = AlertController.swift; sourceTree = "<group>"; };
		EAA08EA227515C4E001EFA95 /* CurrentNameData.swift */ = {isa = PBXFileReference; lastKnownFileType = sourcecode.swift; path = CurrentNameData.swift; sourceTree = "<group>"; };
		EAA08EA527515E70001EFA95 /* CurrentName.swift */ = {isa = PBXFileReference; lastKnownFileType = sourcecode.swift; path = CurrentName.swift; sourceTree = "<group>"; };
		EACAB27927510ADD0063C4FE /* Activities.app */ = {isa = PBXFileReference; explicitFileType = wrapper.application; includeInIndex = 0; path = Activities.app; sourceTree = BUILT_PRODUCTS_DIR; };
		EACAB27C27510ADD0063C4FE /* AppDelegate.swift */ = {isa = PBXFileReference; lastKnownFileType = sourcecode.swift; path = AppDelegate.swift; sourceTree = "<group>"; };
		EACAB27E27510ADD0063C4FE /* SceneDelegate.swift */ = {isa = PBXFileReference; lastKnownFileType = sourcecode.swift; path = SceneDelegate.swift; sourceTree = "<group>"; };
		EACAB28327510ADD0063C4FE /* Base */ = {isa = PBXFileReference; lastKnownFileType = file.storyboard; name = Base; path = Base.lproj/Main.storyboard; sourceTree = "<group>"; };
		EACAB28527510ADE0063C4FE /* Assets.xcassets */ = {isa = PBXFileReference; lastKnownFileType = folder.assetcatalog; path = Assets.xcassets; sourceTree = "<group>"; };
		EACAB28827510ADE0063C4FE /* Base */ = {isa = PBXFileReference; lastKnownFileType = file.storyboard; name = Base; path = Base.lproj/LaunchScreen.storyboard; sourceTree = "<group>"; };
		EACAB28A27510ADE0063C4FE /* Info.plist */ = {isa = PBXFileReference; lastKnownFileType = text.plist.xml; path = Info.plist; sourceTree = "<group>"; };
/* End PBXFileReference section */

/* Begin PBXFrameworksBuildPhase section */
		EACAB27627510ADD0063C4FE /* Frameworks */ = {
			isa = PBXFrameworksBuildPhase;
			buildActionMask = 2147483647;
			files = (
			);
			runOnlyForDeploymentPostprocessing = 0;
		};
/* End PBXFrameworksBuildPhase section */

/* Begin PBXGroup section */
		EAA08E9B27515406001EFA95 /* ViewControllers */ = {
			isa = PBXGroup;
			children = (
				EAA08E99275153F2001EFA95 /* SearchViewController.swift */,
			);
			path = ViewControllers;
			sourceTree = "<group>";
		};
		EAA08E9E27515847001EFA95 /* DataManager */ = {
			isa = PBXGroup;
			children = (
				EAA08E9C2751569C001EFA95 /* NetworkNameManager.swift */,
			);
			path = DataManager;
			sourceTree = "<group>";
		};
		EAA08EA127515912001EFA95 /* Extensions */ = {
			isa = PBXGroup;
			children = (
				EAA08E9F2751590F001EFA95 /* AlertController.swift */,
			);
			path = Extensions;
			sourceTree = "<group>";
		};
		EAA08EA427515DB6001EFA95 /* Models */ = {
			isa = PBXGroup;
			children = (
				EAA08EA227515C4E001EFA95 /* CurrentNameData.swift */,
				EAA08EA527515E70001EFA95 /* CurrentName.swift */,
			);
			path = Models;
			sourceTree = "<group>";
		};
		EACAB27027510ADD0063C4FE = {
			isa = PBXGroup;
			children = (
				EACAB27B27510ADD0063C4FE /* Activities */,
				EACAB27A27510ADD0063C4FE /* Products */,
			);
			sourceTree = "<group>";
		};
		EACAB27A27510ADD0063C4FE /* Products */ = {
			isa = PBXGroup;
			children = (
				EACAB27927510ADD0063C4FE /* Activities.app */,
			);
			name = Products;
			sourceTree = "<group>";
		};
		EACAB27B27510ADD0063C4FE /* Activities */ = {
			isa = PBXGroup;
			children = (
				EAA08EA427515DB6001EFA95 /* Models */,
				EACAB29027510CFD0063C4FE /* Storyboards */,
				EAA08E9B27515406001EFA95 /* ViewControllers */,
				EAA08EA127515912001EFA95 /* Extensions */,
				EAA08E9E27515847001EFA95 /* DataManager */,
				EACAB29127510D130063C4FE /* App */,
				EACAB29227510D210063C4FE /* Resources */,
			);
			path = Activities;
			sourceTree = "<group>";
		};
		EACAB29027510CFD0063C4FE /* Storyboards */ = {
			isa = PBXGroup;
			children = (
				EACAB28227510ADD0063C4FE /* Main.storyboard */,
				EACAB28727510ADE0063C4FE /* LaunchScreen.storyboard */,
			);
			path = Storyboards;
			sourceTree = "<group>";
		};
		EACAB29127510D130063C4FE /* App */ = {
			isa = PBXGroup;
			children = (
				EACAB28A27510ADE0063C4FE /* Info.plist */,
				EACAB27C27510ADD0063C4FE /* AppDelegate.swift */,
				EACAB27E27510ADD0063C4FE /* SceneDelegate.swift */,
			);
			path = App;
			sourceTree = "<group>";
		};
		EACAB29227510D210063C4FE /* Resources */ = {
			isa = PBXGroup;
			children = (
				EACAB28527510ADE0063C4FE /* Assets.xcassets */,
			);
			path = Resources;
			sourceTree = "<group>";
		};
/* End PBXGroup section */

/* Begin PBXNativeTarget section */
		EACAB27827510ADD0063C4FE /* Activities */ = {
			isa = PBXNativeTarget;
			buildConfigurationList = EACAB28D27510ADE0063C4FE /* Build configuration list for PBXNativeTarget "Activities" */;
			buildPhases = (
				EACAB27527510ADD0063C4FE /* Sources */,
				EACAB27627510ADD0063C4FE /* Frameworks */,
				EACAB27727510ADD0063C4FE /* Resources */,
			);
			buildRules = (
			);
			dependencies = (
			);
			name = Activities;
			productName = Activities;
			productReference = EACAB27927510ADD0063C4FE /* Activities.app */;
			productType = "com.apple.product-type.application";
		};
/* End PBXNativeTarget section */

/* Begin PBXProject section */
		EACAB27127510ADD0063C4FE /* Project object */ = {
			isa = PBXProject;
			attributes = {
				BuildIndependentTargetsInParallel = 1;
				LastSwiftUpdateCheck = 1310;
				LastUpgradeCheck = 1310;
				TargetAttributes = {
					EACAB27827510ADD0063C4FE = {
						CreatedOnToolsVersion = 13.1;
					};
				};
			};
			buildConfigurationList = EACAB27427510ADD0063C4FE /* Build configuration list for PBXProject "Activities" */;
			compatibilityVersion = "Xcode 13.0";
			developmentRegion = en;
			hasScannedForEncodings = 0;
			knownRegions = (
				en,
				Base,
			);
			mainGroup = EACAB27027510ADD0063C4FE;
			productRefGroup = EACAB27A27510ADD0063C4FE /* Products */;
			projectDirPath = "";
			projectRoot = "";
			targets = (
				EACAB27827510ADD0063C4FE /* Activities */,
			);
		};
/* End PBXProject section */

/* Begin PBXResourcesBuildPhase section */
		EACAB27727510ADD0063C4FE /* Resources */ = {
			isa = PBXResourcesBuildPhase;
			buildActionMask = 2147483647;
			files = (
				EACAB28927510ADE0063C4FE /* LaunchScreen.storyboard in Resources */,
				EACAB28627510ADE0063C4FE /* Assets.xcassets in Resources */,
				EACAB28427510ADD0063C4FE /* Main.storyboard in Resources */,
			);
			runOnlyForDeploymentPostprocessing = 0;
		};
/* End PBXResourcesBuildPhase section */

/* Begin PBXSourcesBuildPhase section */
		EACAB27527510ADD0063C4FE /* Sources */ = {
			isa = PBXSourcesBuildPhase;
			buildActionMask = 2147483647;
			files = (
				EAA08E9A275153F2001EFA95 /* SearchViewController.swift in Sources */,
				EAA08EA627515E70001EFA95 /* CurrentName.swift in Sources */,
				EAA08EA02751590F001EFA95 /* AlertController.swift in Sources */,
				EAA08EA327515C4E001EFA95 /* CurrentNameData.swift in Sources */,
				EAA08E9D2751569C001EFA95 /* NetworkNameManager.swift in Sources */,
				EACAB27D27510ADD0063C4FE /* AppDelegate.swift in Sources */,
				EACAB27F27510ADD0063C4FE /* SceneDelegate.swift in Sources */,
			);
			runOnlyForDeploymentPostprocessing = 0;
		};
/* End PBXSourcesBuildPhase section */

/* Begin PBXVariantGroup section */
		EACAB28227510ADD0063C4FE /* Main.storyboard */ = {
			isa = PBXVariantGroup;
			children = (
				EACAB28327510ADD0063C4FE /* Base */,
			);
			name = Main.storyboard;
			sourceTree = "<group>";
		};
		EACAB28727510ADE0063C4FE /* LaunchScreen.storyboard */ = {
			isa = PBXVariantGroup;
			children = (
				EACAB28827510ADE0063C4FE /* Base */,
			);
			name = LaunchScreen.storyboard;
			sourceTree = "<group>";
		};
/* End PBXVariantGroup section */

/* Begin XCBuildConfiguration section */
		EACAB28B27510ADE0063C4FE /* Debug */ = {
			isa = XCBuildConfiguration;
			buildSettings = {
				ALWAYS_SEARCH_USER_PATHS = NO;
				CLANG_ANALYZER_NONNULL = YES;
				CLANG_ANALYZER_NUMBER_OBJECT_CONVERSION = YES_AGGRESSIVE;
				CLANG_CXX_LANGUAGE_STANDARD = "gnu++17";
				CLANG_CXX_LIBRARY = "libc++";
				CLANG_ENABLE_MODULES = YES;
				CLANG_ENABLE_OBJC_ARC = YES;
				CLANG_ENABLE_OBJC_WEAK = YES;
				CLANG_WARN_BLOCK_CAPTURE_AUTORELEASING = YES;
				CLANG_WARN_BOOL_CONVERSION = YES;
				CLANG_WARN_COMMA = YES;
				CLANG_WARN_CONSTANT_CONVERSION = YES;
				CLANG_WARN_DEPRECATED_OBJC_IMPLEMENTATIONS = YES;
				CLANG_WARN_DIRECT_OBJC_ISA_USAGE = YES_ERROR;
				CLANG_WARN_DOCUMENTATION_COMMENTS = YES;
				CLANG_WARN_EMPTY_BODY = YES;
				CLANG_WARN_ENUM_CONVERSION = YES;
				CLANG_WARN_INFINITE_RECURSION = YES;
				CLANG_WARN_INT_CONVERSION = YES;
				CLANG_WARN_NON_LITERAL_NULL_CONVERSION = YES;
				CLANG_WARN_OBJC_IMPLICIT_RETAIN_SELF = YES;
				CLANG_WARN_OBJC_LITERAL_CONVERSION = YES;
				CLANG_WARN_OBJC_ROOT_CLASS = YES_ERROR;
				CLANG_WARN_QUOTED_INCLUDE_IN_FRAMEWORK_HEADER = YES;
				CLANG_WARN_RANGE_LOOP_ANALYSIS = YES;
				CLANG_WARN_STRICT_PROTOTYPES = YES;
				CLANG_WARN_SUSPICIOUS_MOVE = YES;
				CLANG_WARN_UNGUARDED_AVAILABILITY = YES_AGGRESSIVE;
				CLANG_WARN_UNREACHABLE_CODE = YES;
				CLANG_WARN__DUPLICATE_METHOD_MATCH = YES;
				COPY_PHASE_STRIP = NO;
				DEBUG_INFORMATION_FORMAT = dwarf;
				ENABLE_STRICT_OBJC_MSGSEND = YES;
				ENABLE_TESTABILITY = YES;
				GCC_C_LANGUAGE_STANDARD = gnu11;
				GCC_DYNAMIC_NO_PIC = NO;
				GCC_NO_COMMON_BLOCKS = YES;
				GCC_OPTIMIZATION_LEVEL = 0;
				GCC_PREPROCESSOR_DEFINITIONS = (
					"DEBUG=1",
					"$(inherited)",
				);
				GCC_WARN_64_TO_32_BIT_CONVERSION = YES;
				GCC_WARN_ABOUT_RETURN_TYPE = YES_ERROR;
				GCC_WARN_UNDECLARED_SELECTOR = YES;
				GCC_WARN_UNINITIALIZED_AUTOS = YES_AGGRESSIVE;
				GCC_WARN_UNUSED_FUNCTION = YES;
				GCC_WARN_UNUSED_VARIABLE = YES;
				IPHONEOS_DEPLOYMENT_TARGET = 15.0;
				MTL_ENABLE_DEBUG_INFO = INCLUDE_SOURCE;
				MTL_FAST_MATH = YES;
				ONLY_ACTIVE_ARCH = YES;
				SDKROOT = iphoneos;
				SWIFT_ACTIVE_COMPILATION_CONDITIONS = DEBUG;
				SWIFT_OPTIMIZATION_LEVEL = "-Onone";
			};
			name = Debug;
		};
		EACAB28C27510ADE0063C4FE /* Release */ = {
			isa = XCBuildConfiguration;
			buildSettings = {
				ALWAYS_SEARCH_USER_PATHS = NO;
				CLANG_ANALYZER_NONNULL = YES;
				CLANG_ANALYZER_NUMBER_OBJECT_CONVERSION = YES_AGGRESSIVE;
				CLANG_CXX_LANGUAGE_STANDARD = "gnu++17";
				CLANG_CXX_LIBRARY = "libc++";
				CLANG_ENABLE_MODULES = YES;
				CLANG_ENABLE_OBJC_ARC = YES;
				CLANG_ENABLE_OBJC_WEAK = YES;
				CLANG_WARN_BLOCK_CAPTURE_AUTORELEASING = YES;
				CLANG_WARN_BOOL_CONVERSION = YES;
				CLANG_WARN_COMMA = YES;
				CLANG_WARN_CONSTANT_CONVERSION = YES;
				CLANG_WARN_DEPRECATED_OBJC_IMPLEMENTATIONS = YES;
				CLANG_WARN_DIRECT_OBJC_ISA_USAGE = YES_ERROR;
				CLANG_WARN_DOCUMENTATION_COMMENTS = YES;
				CLANG_WARN_EMPTY_BODY = YES;
				CLANG_WARN_ENUM_CONVERSION = YES;
				CLANG_WARN_INFINITE_RECURSION = YES;
				CLANG_WARN_INT_CONVERSION = YES;
				CLANG_WARN_NON_LITERAL_NULL_CONVERSION = YES;
				CLANG_WARN_OBJC_IMPLICIT_RETAIN_SELF = YES;
				CLANG_WARN_OBJC_LITERAL_CONVERSION = YES;
				CLANG_WARN_OBJC_ROOT_CLASS = YES_ERROR;
				CLANG_WARN_QUOTED_INCLUDE_IN_FRAMEWORK_HEADER = YES;
				CLANG_WARN_RANGE_LOOP_ANALYSIS = YES;
				CLANG_WARN_STRICT_PROTOTYPES = YES;
				CLANG_WARN_SUSPICIOUS_MOVE = YES;
				CLANG_WARN_UNGUARDED_AVAILABILITY = YES_AGGRESSIVE;
				CLANG_WARN_UNREACHABLE_CODE = YES;
				CLANG_WARN__DUPLICATE_METHOD_MATCH = YES;
				COPY_PHASE_STRIP = NO;
				DEBUG_INFORMATION_FORMAT = "dwarf-with-dsym";
				ENABLE_NS_ASSERTIONS = NO;
				ENABLE_STRICT_OBJC_MSGSEND = YES;
				GCC_C_LANGUAGE_STANDARD = gnu11;
				GCC_NO_COMMON_BLOCKS = YES;
				GCC_WARN_64_TO_32_BIT_CONVERSION = YES;
				GCC_WARN_ABOUT_RETURN_TYPE = YES_ERROR;
				GCC_WARN_UNDECLARED_SELECTOR = YES;
				GCC_WARN_UNINITIALIZED_AUTOS = YES_AGGRESSIVE;
				GCC_WARN_UNUSED_FUNCTION = YES;
				GCC_WARN_UNUSED_VARIABLE = YES;
				IPHONEOS_DEPLOYMENT_TARGET = 15.0;
				MTL_ENABLE_DEBUG_INFO = NO;
				MTL_FAST_MATH = YES;
				SDKROOT = iphoneos;
				SWIFT_COMPILATION_MODE = wholemodule;
				SWIFT_OPTIMIZATION_LEVEL = "-O";
				VALIDATE_PRODUCT = YES;
			};
			name = Release;
		};
		EACAB28E27510ADE0063C4FE /* Debug */ = {
			isa = XCBuildConfiguration;
			buildSettings = {
				ASSETCATALOG_COMPILER_APPICON_NAME = AppIcon;
				ASSETCATALOG_COMPILER_GLOBAL_ACCENT_COLOR_NAME = AccentColor;
				CODE_SIGN_STYLE = Automatic;
				CURRENT_PROJECT_VERSION = 1;
				DEVELOPMENT_TEAM = 2V3Q6RCHJL;
				GENERATE_INFOPLIST_FILE = YES;
				INFOPLIST_FILE = Activities/App/Info.plist;
				INFOPLIST_KEY_UIApplicationSupportsIndirectInputEvents = YES;
				INFOPLIST_KEY_UILaunchStoryboardName = LaunchScreen;
				INFOPLIST_KEY_UIMainStoryboardFile = Main;
				INFOPLIST_KEY_UISupportedInterfaceOrientations_iPad = "UIInterfaceOrientationPortrait UIInterfaceOrientationPortraitUpsideDown UIInterfaceOrientationLandscapeLeft UIInterfaceOrientationLandscapeRight";
				INFOPLIST_KEY_UISupportedInterfaceOrientations_iPhone = "UIInterfaceOrientationPortrait UIInterfaceOrientationLandscapeLeft UIInterfaceOrientationLandscapeRight";
				LD_RUNPATH_SEARCH_PATHS = (
					"$(inherited)",
					"@executable_path/Frameworks",
				);
				MARKETING_VERSION = 1.0;
				PRODUCT_BUNDLE_IDENTIFIER = swift.Activities;
				PRODUCT_NAME = "$(TARGET_NAME)";
				SWIFT_EMIT_LOC_STRINGS = YES;
				SWIFT_VERSION = 5.0;
				TARGETED_DEVICE_FAMILY = 1;
			};
			name = Debug;
		};
		EACAB28F27510ADE0063C4FE /* Release */ = {
			isa = XCBuildConfiguration;
			buildSettings = {
				ASSETCATALOG_COMPILER_APPICON_NAME = AppIcon;
				ASSETCATALOG_COMPILER_GLOBAL_ACCENT_COLOR_NAME = AccentColor;
				CODE_SIGN_STYLE = Automatic;
				CURRENT_PROJECT_VERSION = 1;
				DEVELOPMENT_TEAM = 2V3Q6RCHJL;
				GENERATE_INFOPLIST_FILE = YES;
				INFOPLIST_FILE = Activities/App/Info.plist;
				INFOPLIST_KEY_UIApplicationSupportsIndirectInputEvents = YES;
				INFOPLIST_KEY_UILaunchStoryboardName = LaunchScreen;
				INFOPLIST_KEY_UIMainStoryboardFile = Main;
				INFOPLIST_KEY_UISupportedInterfaceOrientations_iPad = "UIInterfaceOrientationPortrait UIInterfaceOrientationPortraitUpsideDown UIInterfaceOrientationLandscapeLeft UIInterfaceOrientationLandscapeRight";
				INFOPLIST_KEY_UISupportedInterfaceOrientations_iPhone = "UIInterfaceOrientationPortrait UIInterfaceOrientationLandscapeLeft UIInterfaceOrientationLandscapeRight";
				LD_RUNPATH_SEARCH_PATHS = (
					"$(inherited)",
					"@executable_path/Frameworks",
				);
				MARKETING_VERSION = 1.0;
				PRODUCT_BUNDLE_IDENTIFIER = swift.Activities;
				PRODUCT_NAME = "$(TARGET_NAME)";
				SWIFT_EMIT_LOC_STRINGS = YES;
				SWIFT_VERSION = 5.0;
				TARGETED_DEVICE_FAMILY = 1;
			};
			name = Release;
		};
/* End XCBuildConfiguration section */

/* Begin XCConfigurationList section */
		EACAB27427510ADD0063C4FE /* Build configuration list for PBXProject "Activities" */ = {
			isa = XCConfigurationList;
			buildConfigurations = (
				EACAB28B27510ADE0063C4FE /* Debug */,
				EACAB28C27510ADE0063C4FE /* Release */,
			);
			defaultConfigurationIsVisible = 0;
			defaultConfigurationName = Release;
		};
		EACAB28D27510ADE0063C4FE /* Build configuration list for PBXNativeTarget "Activities" */ = {
			isa = XCConfigurationList;
			buildConfigurations = (
				EACAB28E27510ADE0063C4FE /* Debug */,
				EACAB28F27510ADE0063C4FE /* Release */,
			);
			defaultConfigurationIsVisible = 0;
			defaultConfigurationName = Release;
		};
/* End XCConfigurationList section */
	};
	rootObject = EACAB27127510ADD0063C4FE /* Project object */;
}
